
Microsoft Visual Studio Solution File, Format Version 12.00
# Visual Studio Version 17
VisualStudioVersion = 17.14.36518.9 d17.14
MinimumVisualStudioVersion = 10.0.40219.1
Project("{FAE04EC0-301F-11D3-BF4B-00C04F79EFBC}") = "ListaDeTarefa-API", "ListaDeTarefa-API.csproj", "{42360B21-376E-4D07-8D3B-122FF49A70D5}"
EndProject
Global
	GlobalSection(SolutionConfigurationPlatforms) = preSolution
		Debug|Any CPU = Debug|Any CPU
		Release|Any CPU = Release|Any CPU
	EndGlobalSection
	GlobalSection(ProjectConfigurationPlatforms) = postSolution
		{42360B21-376E-4D07-8D3B-122FF49A70D5}.Debug|Any CPU.ActiveCfg = Debug|Any CPU
		{42360B21-376E-4D07-8D3B-122FF49A70D5}.Debug|Any CPU.Build.0 = Debug|Any CPU
		{42360B21-376E-4D07-8D3B-122FF49A70D5}.Release|Any CPU.ActiveCfg = Release|Any CPU
		{42360B21-376E-4D07-8D3B-122FF49A70D5}.Release|Any CPU.Build.0 = Release|Any CPU
	EndGlobalSection
	GlobalSection(SolutionProperties) = preSolution
		HideSolutionNode = FALSE
	EndGlobalSection
	GlobalSection(ExtensibilityGlobals) = postSolution
		SolutionGuid = {CD89EEF0-6298-4BC8-96E3-DD10A3AE86B1}
	EndGlobalSection
EndGlobal
